
Microsoft Visual Studio Solution File, Format Version 12.00
# Visual Studio Version 16
VisualStudioVersion = 16.0.31702.278
MinimumVisualStudioVersion = 10.0.40219.1
Project("{9A19103F-16F7-4668-BE54-9A1E7A4F7556}") = "VenturaHR", "VenturaHR\VenturaHR.csproj", "{B8548600-C20D-4D8A-9F69-46EB5E86DDB7}"
EndProject
Project("{9A19103F-16F7-4668-BE54-9A1E7A4F7556}") = "AspNetIdentityDbContext", "AspNetIdentityDbContext\AspNetIdentityDbContext.csproj", "{277DF835-8149-4005-A103-E459C7788E90}"
EndProject
Project("{9A19103F-16F7-4668-BE54-9A1E7A4F7556}") = "ApplicationDbContext", "ApplicationDbContext\ApplicationDbContext.csproj", "{310A1AC5-AFF8-4A09-91AF-DB2FFB328192}"
EndProject
Project("{9A19103F-16F7-4668-BE54-9A1E7A4F7556}") = "DTO", "DTO\DTO.csproj", "{DE00E769-2C9A-411A-A041-6FD54A7A1F34}"
EndProject
Project("{9A19103F-16F7-4668-BE54-9A1E7A4F7556}") = "Services", "Services\Services.csproj", "{7B144EDD-7F75-40AE-90D5-6E0B1478A2BA}"
EndProject
Project("{FAE04EC0-301F-11D3-BF4B-00C04F79EFBC}") = "VenturaHRTest", "VenturaHRTest\VenturaHRTest.csproj", "{2C7B6F37-A902-4FAB-B094-3F4EE09A86F3}"
EndProject
Global
	GlobalSection(SolutionConfigurationPlatforms) = preSolution
		Debug|Any CPU = Debug|Any CPU
		Release|Any CPU = Release|Any CPU
	EndGlobalSection
	GlobalSection(ProjectConfigurationPlatforms) = postSolution
		{B8548600-C20D-4D8A-9F69-46EB5E86DDB7}.Debug|Any CPU.ActiveCfg = Debug|Any CPU
		{B8548600-C20D-4D8A-9F69-46EB5E86DDB7}.Debug|Any CPU.Build.0 = Debug|Any CPU
		{B8548600-C20D-4D8A-9F69-46EB5E86DDB7}.Release|Any CPU.ActiveCfg = Release|Any CPU
		{B8548600-C20D-4D8A-9F69-46EB5E86DDB7}.Release|Any CPU.Build.0 = Release|Any CPU
		{277DF835-8149-4005-A103-E459C7788E90}.Debug|Any CPU.ActiveCfg = Debug|Any CPU
		{277DF835-8149-4005-A103-E459C7788E90}.Debug|Any CPU.Build.0 = Debug|Any CPU
		{277DF835-8149-4005-A103-E459C7788E90}.Release|Any CPU.ActiveCfg = Release|Any CPU
		{277DF835-8149-4005-A103-E459C7788E90}.Release|Any CPU.Build.0 = Release|Any CPU
		{310A1AC5-AFF8-4A09-91AF-DB2FFB328192}.Debug|Any CPU.ActiveCfg = Debug|Any CPU
		{310A1AC5-AFF8-4A09-91AF-DB2FFB328192}.Debug|Any CPU.Build.0 = Debug|Any CPU
		{310A1AC5-AFF8-4A09-91AF-DB2FFB328192}.Release|Any CPU.ActiveCfg = Release|Any CPU
		{310A1AC5-AFF8-4A09-91AF-DB2FFB328192}.Release|Any CPU.Build.0 = Release|Any CPU
		{DE00E769-2C9A-411A-A041-6FD54A7A1F34}.Debug|Any CPU.ActiveCfg = Debug|Any CPU
		{DE00E769-2C9A-411A-A041-6FD54A7A1F34}.Debug|Any CPU.Build.0 = Debug|Any CPU
		{DE00E769-2C9A-411A-A041-6FD54A7A1F34}.Release|Any CPU.ActiveCfg = Release|Any CPU
		{DE00E769-2C9A-411A-A041-6FD54A7A1F34}.Release|Any CPU.Build.0 = Release|Any CPU
		{7B144EDD-7F75-40AE-90D5-6E0B1478A2BA}.Debug|Any CPU.ActiveCfg = Debug|Any CPU
		{7B144EDD-7F75-40AE-90D5-6E0B1478A2BA}.Debug|Any CPU.Build.0 = Debug|Any CPU
		{7B144EDD-7F75-40AE-90D5-6E0B1478A2BA}.Release|Any CPU.ActiveCfg = Release|Any CPU
		{7B144EDD-7F75-40AE-90D5-6E0B1478A2BA}.Release|Any CPU.Build.0 = Release|Any CPU
		{2C7B6F37-A902-4FAB-B094-3F4EE09A86F3}.Debug|Any CPU.ActiveCfg = Debug|Any CPU
		{2C7B6F37-A902-4FAB-B094-3F4EE09A86F3}.Debug|Any CPU.Build.0 = Debug|Any CPU
		{2C7B6F37-A902-4FAB-B094-3F4EE09A86F3}.Release|Any CPU.ActiveCfg = Release|Any CPU
		{2C7B6F37-A902-4FAB-B094-3F4EE09A86F3}.Release|Any CPU.Build.0 = Release|Any CPU
	EndGlobalSection
	GlobalSection(SolutionProperties) = preSolution
		HideSolutionNode = FALSE
	EndGlobalSection
	GlobalSection(ExtensibilityGlobals) = postSolution
		SolutionGuid = {2D3937AD-9F42-4C72-8CDA-B31E73A88EEC}
	EndGlobalSection
EndGlobal
